{
  "name": "mydms-ui",
  "version": "1.0.0",
  "lockfileVersion": 1,
  "requires": true,
  "dependencies": {
    "@angular/cdk": {
      "version": "5.1.1",
      "resolved": "https://registry.npmjs.org/@angular/cdk/-/cdk-5.1.1.tgz",
      "integrity": "sha512-V8kQmwf1PhtxiiE0cS1x9SW7/VFrJ7LcL9RqxUOMmJMl8kVR43dQBEeuVOOYJlGo9LAR5ctfemlJHwd9+PoHew==",
      "requires": {
        "tslib": "1.9.0"
      }
    },
    "@angular/material": {
      "version": "5.1.1",
      "resolved": "https://registry.npmjs.org/@angular/material/-/material-5.1.1.tgz",
      "integrity": "sha512-RC3xkbX35daNq4w+XBmm+Vgi16TJvLbSkw5xkdxCqLSysFx9ymwDOjUbLeHt2nJtvYWvnSjuVukdSAeaBknTFg==",
      "requires": {
        "tslib": "1.9.0"
      }
    },
    "tslib": {
      "version": "1.9.0",
      "resolved": "https://registry.npmjs.org/tslib/-/tslib-1.9.0.tgz",
      "integrity": "sha512-f/qGG2tUkrISBlQZEjEqoZ3B2+npJjIf04H1wuAv9iA8i04Icp+61KRXxFdha22670NJopsZCIjhC3SnjPRKrQ=="
    }
  }
}
